speakeasyVersion: 1.557.0
sources:
    glean-api-specs:
        sourceNamespace: glean-api-specs
        sourceRevisionDigest: sha256:5a5e9b826156f85ab4839b3c188eedf6f872367cbdc446822954e7bebe2004c6
        sourceBlobDigest: sha256:e56c126a42ae3d72395b2891ac56b8f5264993a298d9d4f5e68748395cdd54cf
        tags:
            - latest
            - main
            - 0.9.0
    glean-client-and-indexing-specs:
        sourceNamespace: glean-client-and-indexing-specs
        sourceRevisionDigest: sha256:7d7550316a7fc147ed5b70e41e81e33cf2f2f004d6000a83fee749b145eebfc4
        sourceBlobDigest: sha256:a9f406c6555d15a4b8d6acb6d2749f89090620386b1366b577f243007fd8f77a
        tags:
            - latest
            - 0.9.0
    glean-client-combined-code-samples-spec:
        sourceNamespace: glean-client-combined-code-samples-spec
        sourceRevisionDigest: sha256:59f92f5ff880dd49ea43b7a1521f50caa579ba8199a6c31d0d87565d81a90763
        sourceBlobDigest: sha256:e947d43f247043739d8a0d498c2428ec14c3094c92f703a24e077f0e79d176b8
        tags:
            - latest
            - 0.9.0
    glean-client-merged-code-samples-spec:
        sourceNamespace: glean-client-merged-code-samples-spec
        sourceRevisionDigest: sha256:94f14584a17add7e9f9e79cbf85549c84b4877b4f4abfe9d398775c7b4ae74e9
        sourceBlobDigest: sha256:40ee8670686d44f1f18f2bdc1592c3b3845c5be2463fc61428b48de8b1748196
        tags:
            - latest
            - main
            - 0.9.0
    glean-index-combined-code-samples-spec:
        sourceNamespace: glean-index-combined-code-samples-spec
        sourceRevisionDigest: sha256:bbaaf0c5fccdf71ef0998c6f0a975e1aeb1fa95903e211d3cbf3ff69e8f02f9e
        sourceBlobDigest: sha256:14b28fa986c55a87f253d6f2ab29862cdac3b3cd8a4acbf4ed77ea37e1fb6425
        tags:
            - latest
            - 0.9.0
    glean-index-merged-code-samples-spec:
        sourceNamespace: glean-index-merged-code-samples-spec
        sourceRevisionDigest: sha256:f95cd5ab1782236f40429b71740d806c9c46171d24324f687363f3c5b7eac505
        sourceBlobDigest: sha256:e3b5bb81074242d73ea06d030e39dfd08ccb487303114af75298363c60efdf10
        tags:
            - latest
            - main
            - 0.9.0
targets: {}
workflow:
    workflowVersion: 1.0.0
    speakeasyVersion: latest
    sources:
        glean-api-specs:
            inputs:
                - location: generated_specs/client_rest.yaml
                - location: generated_specs/indexing.yaml
                - location: generated_specs/admin_rest.yaml
            overlays:
                - location: overlays/chat-endpoint-fixes-overlay.yaml
                - location: overlays/info-name-overlay.yaml
                - location: overlays/strip-headers-overlay.yaml
                - location: overlays/client-modifications-overlay.yaml
                - location: overlays/indexing-modifications-overlay.yaml
                - location: overlays/agent-modifications-overlay.yaml
                - location: overlays/admin-modifications-overlay.yaml
            output: overlayed_specs/glean-merged-spec.yaml
            registry:
                location: registry.speakeasyapi.dev/glean-el2/sdk/glean-api-specs
        glean-client-api-specs:
            inputs:
                - location: generated_specs/client_rest.yaml
                - location: generated_specs/admin_rest.yaml
            overlays:
                - location: overlays/chat-endpoint-fixes-overlay.yaml
                - location: overlays/info-name-overlay.yaml
                - location: overlays/strip-headers-overlay.yaml
                - location: overlays/client-modifications-overlay.yaml
                - location: overlays/agent-modifications-overlay.yaml
                - location: overlays/admin-modifications-overlay.yaml
            output: overlayed_specs/glean-client-api-specs.yaml
        glean-client-merged-code-samples-spec:
            inputs:
                - location: overlayed_specs/glean-client-api-specs.yaml
            overlays:
                - location: registry.speakeasyapi.dev/glean-el2/sdk/glean-api-specs-python-code-samples
                - location: registry.speakeasyapi.dev/glean-el2/sdk/glean-api-specs-typescript-code-samples
                - location: registry.speakeasyapi.dev/glean-el2/sdk/glean-api-specs-go-code-samples
                - location: registry.speakeasyapi.dev/glean-el2/sdk/glean-api-specs-java-code-samples
            output: merged_code_samples_specs/glean-client-merged-code-samples-spec.yaml
            registry:
                location: registry.speakeasyapi.dev/glean-el2/sdk/glean-client-merged-code-samples-spec
        glean-index-merged-code-samples-spec:
            inputs:
                - location: overlayed_specs/glean-indexing-api-specs.yaml
            overlays:
                - location: registry.speakeasyapi.dev/glean-el2/sdk/glean-api-specs-python-code-samples
                - location: registry.speakeasyapi.dev/glean-el2/sdk/glean-api-specs-typescript-code-samples
                - location: registry.speakeasyapi.dev/glean-el2/sdk/glean-api-specs-java-code-samples
                - location: registry.speakeasyapi.dev/glean-el2/sdk/glean-api-specs-go-code-samples
            output: merged_code_samples_specs/glean-index-merged-code-samples-spec.yaml
            registry:
                location: registry.speakeasyapi.dev/glean-el2/sdk/glean-index-merged-code-samples-spec
        glean-indexing-api-specs:
            inputs:
                - location: generated_specs/indexing.yaml
            overlays:
                - location: overlays/info-name-overlay.yaml
                - location: overlays/strip-headers-overlay.yaml
                - location: overlays/indexing-modifications-overlay.yaml
            output: overlayed_specs/glean-indexing-api-specs.yaml
    targets: {}
