speakeasyVersion: 1.586.0
sources:
    glean-api-specs:
        sourceNamespace: glean-api-specs
        sourceRevisionDigest: sha256:5ad2158c31d28346b84fa429ec6d8e47760d597e84f4c0d0e77d6faf3b3ef5a6
        sourceBlobDigest: sha256:5995600ceb9a9157868b24bb304312f88a77d4aee8afb875b99207dec65557c0
        tags:
            - latest
            - main
            - 0.9.0
    glean-client-and-indexing-specs:
        sourceNamespace: glean-client-and-indexing-specs
        sourceRevisionDigest: sha256:7d7550316a7fc147ed5b70e41e81e33cf2f2f004d6000a83fee749b145eebfc4
        sourceBlobDigest: sha256:a9f406c6555d15a4b8d6acb6d2749f89090620386b1366b577f243007fd8f77a
        tags:
            - latest
            - 0.9.0
    glean-client-combined-code-samples-spec:
        sourceNamespace: glean-client-combined-code-samples-spec
        sourceRevisionDigest: sha256:59f92f5ff880dd49ea43b7a1521f50caa579ba8199a6c31d0d87565d81a90763
        sourceBlobDigest: sha256:e947d43f247043739d8a0d498c2428ec14c3094c92f703a24e077f0e79d176b8
        tags:
            - latest
            - 0.9.0
    glean-client-merged-code-samples-spec:
        sourceNamespace: glean-client-merged-code-samples-spec
        sourceRevisionDigest: sha256:0fd7751ba1e8739dc48c5d7fe0e3b442cbe8442e06df8258a44759e5b428d0e4
        sourceBlobDigest: sha256:d102661f0179a548fd4f4ee6f1d009ab7191455f10d675181a2b883480af6792
        tags:
            - latest
            - main
            - 0.9.0
    glean-index-combined-code-samples-spec:
        sourceNamespace: glean-index-combined-code-samples-spec
        sourceRevisionDigest: sha256:bbaaf0c5fccdf71ef0998c6f0a975e1aeb1fa95903e211d3cbf3ff69e8f02f9e
        sourceBlobDigest: sha256:14b28fa986c55a87f253d6f2ab29862cdac3b3cd8a4acbf4ed77ea37e1fb6425
        tags:
            - latest
            - 0.9.0
    glean-index-merged-code-samples-spec:
        sourceNamespace: glean-index-merged-code-samples-spec
        sourceRevisionDigest: sha256:3ad85d79642c423566dcf086a21ad6734b15a14954b85c8e7c2a47a3b772d98f
        sourceBlobDigest: sha256:9ef0ae4ccda8d6071ddf16700be49e2825f842032396f2914d4d3402114d1cec
        tags:
            - latest
            - main
            - 0.9.0
targets: {}
workflow:
    workflowVersion: 1.0.0
    speakeasyVersion: latest
    sources:
        glean-api-specs:
            inputs:
                - location: generated_specs/client_rest.yaml
                - location: generated_specs/indexing.yaml
                - location: generated_specs/admin_rest.yaml
            overlays:
                - location: overlays/chat-endpoint-fixes-overlay.yaml
                - location: overlays/info-name-overlay.yaml
                - location: overlays/strip-headers-overlay.yaml
                - location: overlays/client-modifications-overlay.yaml
                - location: overlays/indexing-modifications-overlay.yaml
                - location: overlays/agent-modifications-overlay.yaml
                - location: overlays/admin-modifications-overlay.yaml
                - location: overlays/corrections.yaml
            output: overlayed_specs/glean-merged-spec.yaml
            registry:
                location: registry.speakeasyapi.dev/glean-el2/sdk/glean-api-specs
        glean-client-api-specs:
            inputs:
                - location: generated_specs/client_rest.yaml
                - location: generated_specs/admin_rest.yaml
            overlays:
                - location: overlays/chat-endpoint-fixes-overlay.yaml
                - location: overlays/info-name-overlay.yaml
                - location: overlays/strip-headers-overlay.yaml
                - location: overlays/client-modifications-overlay.yaml
                - location: overlays/agent-modifications-overlay.yaml
                - location: overlays/admin-modifications-overlay.yaml
                - location: overlays/corrections.yaml
            output: overlayed_specs/glean-client-api-specs.yaml
        glean-client-merged-code-samples-spec:
            inputs:
                - location: overlayed_specs/glean-client-api-specs.yaml
            overlays:
                - location: registry.speakeasyapi.dev/glean-el2/sdk/glean-api-specs-python-code-samples
                - location: registry.speakeasyapi.dev/glean-el2/sdk/glean-api-specs-typescript-code-samples
                - location: registry.speakeasyapi.dev/glean-el2/sdk/glean-api-specs-go-code-samples
                - location: registry.speakeasyapi.dev/glean-el2/sdk/glean-api-specs-java-code-samples
            output: merged_code_samples_specs/glean-client-merged-code-samples-spec.yaml
            registry:
                location: registry.speakeasyapi.dev/glean-el2/sdk/glean-client-merged-code-samples-spec
        glean-index-merged-code-samples-spec:
            inputs:
                - location: overlayed_specs/glean-indexing-api-specs.yaml
            overlays:
                - location: registry.speakeasyapi.dev/glean-el2/sdk/glean-api-specs-python-code-samples
                - location: registry.speakeasyapi.dev/glean-el2/sdk/glean-api-specs-typescript-code-samples
                - location: registry.speakeasyapi.dev/glean-el2/sdk/glean-api-specs-java-code-samples
                - location: registry.speakeasyapi.dev/glean-el2/sdk/glean-api-specs-go-code-samples
            output: merged_code_samples_specs/glean-index-merged-code-samples-spec.yaml
            registry:
                location: registry.speakeasyapi.dev/glean-el2/sdk/glean-index-merged-code-samples-spec
        glean-indexing-api-specs:
            inputs:
                - location: generated_specs/indexing.yaml
            overlays:
                - location: overlays/info-name-overlay.yaml
                - location: overlays/strip-headers-overlay.yaml
                - location: overlays/indexing-modifications-overlay.yaml
            output: overlayed_specs/glean-indexing-api-specs.yaml
    targets: {}
