speakeasyVersion: 1.788.1
sources:
    glean-api-specs:
        sourceNamespace: glean-api-specs
        sourceRevisionDigest: sha256:a86f951e58c99409797c0b658d95692446f16a21c0aefb20483b29646cc7bdfa
        sourceBlobDigest: sha256:21c142d25666bd7a86694272cb9d43ee1aa9dc7a67ad34658512ddae4a7364c5
        tags:
            - latest
            - main
            - 0.9.0
    glean-client-and-indexing-specs:
        sourceNamespace: glean-client-and-indexing-specs
        sourceRevisionDigest: sha256:7d7550316a7fc147ed5b70e41e81e33cf2f2f004d6000a83fee749b145eebfc4
        sourceBlobDigest: sha256:a9f406c6555d15a4b8d6acb6d2749f89090620386b1366b577f243007fd8f77a
        tags:
            - latest
            - 0.9.0
    glean-client-api-specs:
        sourceNamespace: glean-client-api-specs
        sourceRevisionDigest: sha256:8b1a4378ab2e5242e7ef69cd76a0be3fd6f041d8115d97b1132254b637d811e7
        sourceBlobDigest: sha256:96f046253981e5c55ee68f116c663b91ec3b006adc1cbbbc122c82b84d379cad
        tags:
            - latest
            - 0.9.0
    glean-client-combined-code-samples-spec:
        sourceNamespace: glean-client-combined-code-samples-spec
        sourceRevisionDigest: sha256:59f92f5ff880dd49ea43b7a1521f50caa579ba8199a6c31d0d87565d81a90763
        sourceBlobDigest: sha256:e947d43f247043739d8a0d498c2428ec14c3094c92f703a24e077f0e79d176b8
        tags:
            - latest
            - 0.9.0
    glean-client-merged-code-samples-spec:
        sourceNamespace: glean-client-merged-code-samples-spec
        sourceRevisionDigest: sha256:907c6f6f2205aa630366aef89d5c7c1ed1c6d3d661e777794cbbad493dcc08dc
        sourceBlobDigest: sha256:813c0d1b8320dc53a04b4862c255393e3aec08c888d999c485c962f59aacf683
        tags:
            - latest
            - main
            - 0.9.0
    glean-index-combined-code-samples-spec:
        sourceNamespace: glean-index-combined-code-samples-spec
        sourceRevisionDigest: sha256:bbaaf0c5fccdf71ef0998c6f0a975e1aeb1fa95903e211d3cbf3ff69e8f02f9e
        sourceBlobDigest: sha256:14b28fa986c55a87f253d6f2ab29862cdac3b3cd8a4acbf4ed77ea37e1fb6425
        tags:
            - latest
            - 0.9.0
    glean-index-merged-code-samples-spec:
        sourceNamespace: glean-index-merged-code-samples-spec
        sourceRevisionDigest: sha256:f09982d2dbfa7aff7443018bee388828912e7a13428787754e45c70bc071cf50
        sourceBlobDigest: sha256:cc96af6e3a9c23dd6dfea4d559d1ed40085970e8cb1945b315bd978cf1f04f42
        tags:
            - latest
            - main
            - 0.9.0
    glean-platform-merged-code-samples-spec:
        sourceNamespace: glean-platform-merged-code-samples-spec
        sourceRevisionDigest: sha256:ef0e6a7eb878379a486759c1384ec8baaced2d575e61086adc2a602fdbf89134
        sourceBlobDigest: sha256:a10c2c51c451a849ec49b2482d109f3388941a4268e7f159a6a6afcd7cfb5fa0
        tags:
            - latest
            - main
            - "2026-04-01"
targets: {}
workflow:
    workflowVersion: 1.0.0
    speakeasyVersion: latest
    sources:
        glean-api-specs:
            inputs:
                - location: generated_specs/platform.yaml
                - location: generated_specs/client_rest.yaml
                - location: generated_specs/indexing.yaml
                - location: generated_specs/admin_rest.yaml
            overlays:
                - location: overlays/chat-endpoint-fixes-overlay.yaml
                - location: overlays/info-name-overlay.yaml
                - location: overlays/strip-headers-overlay.yaml
                - location: overlays/client-modifications-overlay.yaml
                - location: overlays/indexing-modifications-overlay.yaml
                - location: overlays/custom-metadata-modifications-overlay.yaml
                - location: overlays/agent-modifications-overlay.yaml
                - location: overlays/admin-modifications-overlay.yaml
                - location: overlays/oauth-client-security-overlay.yaml
            output: overlayed_specs/glean-merged-spec.yaml
            registry:
                location: registry.speakeasyapi.dev/glean-el2/sdk/glean-api-specs
        glean-client-api-specs:
            inputs:
                - location: generated_specs/client_rest.yaml
                - location: generated_specs/admin_rest.yaml
            overlays:
                - location: overlays/chat-endpoint-fixes-overlay.yaml
                - location: overlays/info-name-overlay.yaml
                - location: overlays/strip-headers-overlay.yaml
                - location: overlays/client-modifications-overlay.yaml
                - location: overlays/agent-modifications-overlay.yaml
                - location: overlays/admin-modifications-overlay.yaml
                - location: overlays/oauth-client-security-overlay.yaml
            output: overlayed_specs/glean-client-api-specs.yaml
            registry:
                location: registry.speakeasyapi.dev/glean-el2/sdk/glean-client-api-specs
        glean-client-merged-code-samples-spec:
            inputs:
                - location: overlayed_specs/glean-client-api-specs.yaml
            overlays:
                - location: registry.speakeasyapi.dev/glean-el2/sdk/glean-api-specs-python-code-samples
                - location: registry.speakeasyapi.dev/glean-el2/sdk/glean-api-specs-typescript-code-samples
                - location: registry.speakeasyapi.dev/glean-el2/sdk/glean-api-specs-go-code-samples
                - location: registry.speakeasyapi.dev/glean-el2/sdk/glean-api-specs-java-code-samples
            output: merged_code_samples_specs/glean-client-merged-code-samples-spec.yaml
            registry:
                location: registry.speakeasyapi.dev/glean-el2/sdk/glean-client-merged-code-samples-spec
        glean-index-merged-code-samples-spec:
            inputs:
                - location: overlayed_specs/glean-indexing-api-specs.yaml
            overlays:
                - location: registry.speakeasyapi.dev/glean-el2/sdk/glean-api-specs-python-code-samples
                - location: registry.speakeasyapi.dev/glean-el2/sdk/glean-api-specs-typescript-code-samples
                - location: registry.speakeasyapi.dev/glean-el2/sdk/glean-api-specs-java-code-samples
                - location: registry.speakeasyapi.dev/glean-el2/sdk/glean-api-specs-go-code-samples
            output: merged_code_samples_specs/glean-index-merged-code-samples-spec.yaml
            registry:
                location: registry.speakeasyapi.dev/glean-el2/sdk/glean-index-merged-code-samples-spec
        glean-indexing-api-specs:
            inputs:
                - location: generated_specs/indexing.yaml
            overlays:
                - location: overlays/info-name-overlay.yaml
                - location: overlays/strip-headers-overlay.yaml
                - location: overlays/indexing-modifications-overlay.yaml
                - location: overlays/custom-metadata-modifications-overlay.yaml
            output: overlayed_specs/glean-indexing-api-specs.yaml
        glean-platform-api-specs:
            inputs:
                - location: generated_specs/platform.yaml
            overlays:
                - location: overlays/strip-headers-overlay.yaml
            output: overlayed_specs/glean-platform-api-specs.yaml
        glean-platform-merged-code-samples-spec:
            inputs:
                - location: overlayed_specs/glean-platform-api-specs.yaml
            overlays:
                - location: registry.speakeasyapi.dev/glean-el2/sdk/glean-api-specs-python-code-samples
                - location: registry.speakeasyapi.dev/glean-el2/sdk/glean-api-specs-typescript-code-samples
                - location: registry.speakeasyapi.dev/glean-el2/sdk/glean-api-specs-go-code-samples
                - location: registry.speakeasyapi.dev/glean-el2/sdk/glean-api-specs-java-code-samples
            output: merged_code_samples_specs/glean-platform-merged-code-samples-spec.yaml
            registry:
                location: registry.speakeasyapi.dev/glean-el2/sdk/glean-platform-merged-code-samples-spec
    targets: {}
